// !$*UTF8*$!
{
	archiveVersion = 1;
	classes = {
	};
	objectVersion = 46;
	objects = {

/* Begin PBXBuildFile section */
		B9F0719F1BFA4A9700BADA9C /* main.cpp in Sources */ = {isa = PBXBuildFile; fileRef = B9F0719E1BFA4A9700BADA9C /* main.cpp */; };
		B9F071A71BFA4B2300BADA9C /* inducedsort.cpp in Sources */ = {isa = PBXBuildFile; fileRef = B9F071A51BFA4B2300BADA9C /* inducedsort.cpp */; };
/* End PBXBuildFile section */

/* Begin PBXCopyFilesBuildPhase section */
		B9F071991BFA4A9700BADA9C /* CopyFiles */ = {
			isa = PBXCopyFilesBuildPhase;
			buildActionMask = 2147483647;
			dstPath = /usr/share/man/man1/;
			dstSubfolderSpec = 0;
			files = (
			);
			runOnlyForDeploymentPostprocessing = 1;
		};
/* End PBXCopyFilesBuildPhase section */

/* Begin PBXFileReference section */
		B9D91E051BFCE75E00239347 /* input.txt */ = {isa = PBXFileReference; fileEncoding = 4; lastKnownFileType = text; path = input.txt; sourceTree = "<group>"; };
		B9D91E061BFCE76C00239347 /* output.txt */ = {isa = PBXFileReference; fileEncoding = 4; lastKnownFileType = text; path = output.txt; sourceTree = "<group>"; };
		B9F0719B1BFA4A9700BADA9C /* Induced Sorting */ = {isa = PBXFileReference; explicitFileType = "compiled.mach-o.executable"; includeInIndex = 0; path = "Induced Sorting"; sourceTree = BUILT_PRODUCTS_DIR; };
		B9F0719E1BFA4A9700BADA9C /* main.cpp */ = {isa = PBXFileReference; lastKnownFileType = sourcecode.cpp.cpp; path = main.cpp; sourceTree = "<group>"; };
		B9F071A51BFA4B2300BADA9C /* inducedsort.cpp */ = {isa = PBXFileReference; fileEncoding = 4; lastKnownFileType = sourcecode.cpp.cpp; path = inducedsort.cpp; sourceTree = "<group>"; };
		B9F071A61BFA4B2300BADA9C /* inducedsort.hpp */ = {isa = PBXFileReference; fileEncoding = 4; lastKnownFileType = sourcecode.cpp.h; path = inducedsort.hpp; sourceTree = "<group>"; };
/* End PBXFileReference section */

/* Begin PBXFrameworksBuildPhase section */
		B9F071981BFA4A9700BADA9C /* Frameworks */ = {
			isa = PBXFrameworksBuildPhase;
			buildActionMask = 2147483647;
			files = (
			);
			runOnlyForDeploymentPostprocessing = 0;
		};
/* End PBXFrameworksBuildPhase section */

/* Begin PBXGroup section */
		B9F071921BFA4A9700BADA9C = {
			isa = PBXGroup;
			children = (
				B9F0719D1BFA4A9700BADA9C /* Induced Sorting */,
				B9F0719C1BFA4A9700BADA9C /* Products */,
			);
			sourceTree = "<group>";
		};
		B9F0719C1BFA4A9700BADA9C /* Products */ = {
			isa = PBXGroup;
			children = (
				B9F0719B1BFA4A9700BADA9C /* Induced Sorting */,
			);
			name = Products;
			sourceTree = "<group>";
		};
		B9F0719D1BFA4A9700BADA9C /* Induced Sorting */ = {
			isa = PBXGroup;
			children = (
				B9F0719E1BFA4A9700BADA9C /* main.cpp */,
				B9F071A61BFA4B2300BADA9C /* inducedsort.hpp */,
				B9F071A51BFA4B2300BADA9C /* inducedsort.cpp */,
				B9D91E051BFCE75E00239347 /* input.txt */,
				B9D91E061BFCE76C00239347 /* output.txt */,
			);
			path = "Induced Sorting";
			sourceTree = "<group>";
		};
/* End PBXGroup section */

/* Begin PBXNativeTarget section */
		B9F0719A1BFA4A9700BADA9C /* Induced Sorting */ = {
			isa = PBXNativeTarget;
			buildConfigurationList = B9F071A21BFA4A9700BADA9C /* Build configuration list for PBXNativeTarget "Induced Sorting" */;
			buildPhases = (
				B9F071971BFA4A9700BADA9C /* Sources */,
				B9F071981BFA4A9700BADA9C /* Frameworks */,
				B9F071991BFA4A9700BADA9C /* CopyFiles */,
			);
			buildRules = (
			);
			dependencies = (
			);
			name = "Induced Sorting";
			productName = "Induced Sorting";
			productReference = B9F0719B1BFA4A9700BADA9C /* Induced Sorting */;
			productType = "com.apple.product-type.tool";
		};
/* End PBXNativeTarget section */

/* Begin PBXProject section */
		B9F071931BFA4A9700BADA9C /* Project object */ = {
			isa = PBXProject;
			attributes = {
				LastUpgradeCheck = 0710;
				ORGANIZATIONNAME = "Сергей Миллер";
				TargetAttributes = {
					B9F0719A1BFA4A9700BADA9C = {
						CreatedOnToolsVersion = 7.1.1;
					};
				};
			};
			buildConfigurationList = B9F071961BFA4A9700BADA9C /* Build configuration list for PBXProject "Induced Sorting" */;
			compatibilityVersion = "Xcode 3.2";
			developmentRegion = English;
			hasScannedForEncodings = 0;
			knownRegions = (
				en,
			);
			mainGroup = B9F071921BFA4A9700BADA9C;
			productRefGroup = B9F0719C1BFA4A9700BADA9C /* Products */;
			projectDirPath = "";
			projectRoot = "";
			targets = (
				B9F0719A1BFA4A9700BADA9C /* Induced Sorting */,
			);
		};
/* End PBXProject section */

/* Begin PBXSourcesBuildPhase section */
		B9F071971BFA4A9700BADA9C /* Sources */ = {
			isa = PBXSourcesBuildPhase;
			buildActionMask = 2147483647;
			files = (
				B9F071A71BFA4B2300BADA9C /* inducedsort.cpp in Sources */,
				B9F0719F1BFA4A9700BADA9C /* main.cpp in Sources */,
			);
			runOnlyForDeploymentPostprocessing = 0;
		};
/* End PBXSourcesBuildPhase section */

/* Begin XCBuildConfiguration section */
		B9F071A01BFA4A9700BADA9C /* Debug */ = {
			isa = XCBuildConfiguration;
			buildSettings = {
				ALWAYS_SEARCH_USER_PATHS = NO;
				CLANG_CXX_LANGUAGE_STANDARD = "gnu++0x";
				CLANG_CXX_LIBRARY = "libc++";
				CLANG_ENABLE_MODULES = YES;
				CLANG_ENABLE_OBJC_ARC = YES;
				CLANG_WARN_BOOL_CONVERSION = YES;
				CLANG_WARN_CONSTANT_CONVERSION = YES;
				CLANG_WARN_DIRECT_OBJC_ISA_USAGE = YES_ERROR;
				CLANG_WARN_EMPTY_BODY = YES;
				CLANG_WARN_ENUM_CONVERSION = YES;
				CLANG_WARN_INT_CONVERSION = YES;
				CLANG_WARN_OBJC_ROOT_CLASS = YES_ERROR;
				CLANG_WARN_UNREACHABLE_CODE = YES;
				CLANG_WARN__DUPLICATE_METHOD_MATCH = YES;
				CODE_SIGN_IDENTITY = "-";
				COPY_PHASE_STRIP = NO;
				DEBUG_INFORMATION_FORMAT = dwarf;
				ENABLE_STRICT_OBJC_MSGSEND = YES;
				ENABLE_TESTABILITY = YES;
				GCC_C_LANGUAGE_STANDARD = gnu99;
				GCC_DYNAMIC_NO_PIC = NO;
				GCC_NO_COMMON_BLOCKS = YES;
				GCC_OPTIMIZATION_LEVEL = 0;
				GCC_PREPROCESSOR_DEFINITIONS = (
					"DEBUG=1",
					"$(inherited)",
				);
				GCC_WARN_64_TO_32_BIT_CONVERSION = YES;
				GCC_WARN_ABOUT_RETURN_TYPE = YES_ERROR;
				GCC_WARN_UNDECLARED_SELECTOR = YES;
				GCC_WARN_UNINITIALIZED_AUTOS = YES_AGGRESSIVE;
				GCC_WARN_UNUSED_FUNCTION = YES;
				GCC_WARN_UNUSED_VARIABLE = YES;
				MACOSX_DEPLOYMENT_TARGET = 10.11;
				MTL_ENABLE_DEBUG_INFO = YES;
				ONLY_ACTIVE_ARCH = YES;
				SDKROOT = macosx;
			};
			name = Debug;
		};
		B9F071A11BFA4A9700BADA9C /* Release */ = {
			isa = XCBuildConfiguration;
			buildSettings = {
				ALWAYS_SEARCH_USER_PATHS = NO;
				CLANG_CXX_LANGUAGE_STANDARD = "gnu++0x";
				CLANG_CXX_LIBRARY = "libc++";
				CLANG_ENABLE_MODULES = YES;
				CLANG_ENABLE_OBJC_ARC = YES;
				CLANG_WARN_BOOL_CONVERSION = YES;
				CLANG_WARN_CONSTANT_CONVERSION = YES;
				CLANG_WARN_DIRECT_OBJC_ISA_USAGE = YES_ERROR;
				CLANG_WARN_EMPTY_BODY = YES;
				CLANG_WARN_ENUM_CONVERSION = YES;
				CLANG_WARN_INT_CONVERSION = YES;
				CLANG_WARN_OBJC_ROOT_CLASS = YES_ERROR;
				CLANG_WARN_UNREACHABLE_CODE = YES;
				CLANG_WARN__DUPLICATE_METHOD_MATCH = YES;
				CODE_SIGN_IDENTITY = "-";
				COPY_PHASE_STRIP = NO;
				DEBUG_INFORMATION_FORMAT = "dwarf-with-dsym";
				ENABLE_NS_ASSERTIONS = NO;
				ENABLE_STRICT_OBJC_MSGSEND = YES;
				GCC_C_LANGUAGE_STANDARD = gnu99;
				GCC_NO_COMMON_BLOCKS = YES;
				GCC_WARN_64_TO_32_BIT_CONVERSION = YES;
				GCC_WARN_ABOUT_RETURN_TYPE = YES_ERROR;
				GCC_WARN_UNDECLARED_SELECTOR = YES;
				GCC_WARN_UNINITIALIZED_AUTOS = YES_AGGRESSIVE;
				GCC_WARN_UNUSED_FUNCTION = YES;
				GCC_WARN_UNUSED_VARIABLE = YES;
				MACOSX_DEPLOYMENT_TARGET = 10.11;
				MTL_ENABLE_DEBUG_INFO = NO;
				SDKROOT = macosx;
			};
			name = Release;
		};
		B9F071A31BFA4A9700BADA9C /* Debug */ = {
			isa = XCBuildConfiguration;
			buildSettings = {
				PRODUCT_NAME = "$(TARGET_NAME)";
			};
			name = Debug;
		};
		B9F071A41BFA4A9700BADA9C /* Release */ = {
			isa = XCBuildConfiguration;
			buildSettings = {
				PRODUCT_NAME = "$(TARGET_NAME)";
			};
			name = Release;
		};
/* End XCBuildConfiguration section */

/* Begin XCConfigurationList section */
		B9F071961BFA4A9700BADA9C /* Build configuration list for PBXProject "Induced Sorting" */ = {
			isa = XCConfigurationList;
			buildConfigurations = (
				B9F071A01BFA4A9700BADA9C /* Debug */,
				B9F071A11BFA4A9700BADA9C /* Release */,
			);
			defaultConfigurationIsVisible = 0;
			defaultConfigurationName = Release;
		};
		B9F071A21BFA4A9700BADA9C /* Build configuration list for PBXNativeTarget "Induced Sorting" */ = {
			isa = XCConfigurationList;
			buildConfigurations = (
				B9F071A31BFA4A9700BADA9C /* Debug */,
				B9F071A41BFA4A9700BADA9C /* Release */,
			);
			defaultConfigurationIsVisible = 0;
			defaultConfigurationName = Release;
		};
/* End XCConfigurationList section */
	};
	rootObject = B9F071931BFA4A9700BADA9C /* Project object */;
}
